
Microsoft Visual Studio Solution File, Format Version 12.00
# Visual Studio 14
VisualStudioVersion = 14.0.24720.0
MinimumVisualStudioVersion = 10.0.40219.1
Project("{FAE04EC0-301F-11D3-BF4B-00C04F79EFBC}") = "ControlWorks.RecipeMaster.UI", "ControlWorks.RecipeMaster.UI\ControlWorks.RecipeMaster.UI.csproj", "{0327020A-154F-4173-96D1-9A77F6715B0C}"
EndProject
Project("{FAE04EC0-301F-11D3-BF4B-00C04F79EFBC}") = "ControlWorks.RecipeMaster.Data", "ControlWorks.RecipeMaster.Data\ControlWorks.RecipeMaster.Data.csproj", "{4D8B33B4-7B96-4710-8983-4FA3FFFD02D6}"
EndProject
Global
	GlobalSection(SolutionConfigurationPlatforms) = preSolution
		Debug|Any CPU = Debug|Any CPU
		Release|Any CPU = Release|Any CPU
	EndGlobalSection
	GlobalSection(ProjectConfigurationPlatforms) = postSolution
		{0327020A-154F-4173-96D1-9A77F6715B0C}.Debug|Any CPU.ActiveCfg = Debug|Any CPU
		{0327020A-154F-4173-96D1-9A77F6715B0C}.Debug|Any CPU.Build.0 = Debug|Any CPU
		{0327020A-154F-4173-96D1-9A77F6715B0C}.Release|Any CPU.ActiveCfg = Release|Any CPU
		{0327020A-154F-4173-96D1-9A77F6715B0C}.Release|Any CPU.Build.0 = Release|Any CPU
		{4D8B33B4-7B96-4710-8983-4FA3FFFD02D6}.Debug|Any CPU.ActiveCfg = Debug|Any CPU
		{4D8B33B4-7B96-4710-8983-4FA3FFFD02D6}.Debug|Any CPU.Build.0 = Debug|Any CPU
		{4D8B33B4-7B96-4710-8983-4FA3FFFD02D6}.Release|Any CPU.ActiveCfg = Release|Any CPU
		{4D8B33B4-7B96-4710-8983-4FA3FFFD02D6}.Release|Any CPU.Build.0 = Release|Any CPU
	EndGlobalSection
	GlobalSection(SolutionProperties) = preSolution
		HideSolutionNode = FALSE
	EndGlobalSection
EndGlobal
